
Microsoft Visual Studio Solution File, Format Version 12.00
# Visual Studio Version 17
VisualStudioVersion = 17.8.34511.84
MinimumVisualStudioVersion = 10.0.40219.1
Project("{FAE04EC0-301F-11D3-BF4B-00C04F79EFBC}") = "EjercicioPolimorfismo", "EjercicioPolimorfismo\EjercicioPolimorfismo.csproj", "{EBED0E95-4BDC-4A1B-90AF-0B9192D9348F}"
EndProject
Global
	GlobalSection(SolutionConfigurationPlatforms) = preSolution
		Debug|Any CPU = Debug|Any CPU
		Release|Any CPU = Release|Any CPU
	EndGlobalSection
	GlobalSection(ProjectConfigurationPlatforms) = postSolution
		{EBED0E95-4BDC-4A1B-90AF-0B9192D9348F}.Debug|Any CPU.ActiveCfg = Debug|Any CPU
		{EBED0E95-4BDC-4A1B-90AF-0B9192D9348F}.Debug|Any CPU.Build.0 = Debug|Any CPU
		{EBED0E95-4BDC-4A1B-90AF-0B9192D9348F}.Release|Any CPU.ActiveCfg = Release|Any CPU
		{EBED0E95-4BDC-4A1B-90AF-0B9192D9348F}.Release|Any CPU.Build.0 = Release|Any CPU
	EndGlobalSection
	GlobalSection(SolutionProperties) = preSolution
		HideSolutionNode = FALSE
	EndGlobalSection
	GlobalSection(ExtensibilityGlobals) = postSolution
		SolutionGuid = {851876F5-D220-4445-81AE-445577AF12D2}
	EndGlobalSection
EndGlobal
